<Solution>
  <Project Path="src/applanch.Core/applanch.Core.csproj" />
  <Project Path="src/applanch.Serialization/applanch.Serialization.csproj" />
  <Project Path="src/applanch.Theming/applanch.Theming.csproj" />
  <Project Path="src/applanch.ShellExtension/applanch.ShellExtension.csproj" />
  <Project Path="src/applanch.CodeAnalysis/applanch.CodeAnalysis.csproj" />
  <Project Path="src/applanch/applanch.csproj" />
  <Project Path="tests/applanch.Core.Tests/applanch.Core.Tests.csproj" />
  <Project Path="tests/applanch.Theming.Tests/applanch.Theming.Tests.csproj" />
  <Project Path="tests/applanch.Serialization.Tests/applanch.Serialization.Tests.csproj" />
  <Project Path="tests/applanch.ShellExtension.Tests/applanch.ShellExtension.Tests.csproj" />
  <Project Path="tests/applanch.Tests/applanch.Tests.csproj" />
</Solution>
